// !$*UTF8*$!
{
  archiveVersion = 1;
  classes = {};
  objectVersion = 55;
  objects = {

/* Begin PBXBuildFile section */
    A1 /* TodayInspirationApp.swift in Sources */ = { isa = PBXBuildFile; fileRef = A100 /* TodayInspirationApp.swift */; };
    A2 /* PersistenceController.swift in Sources */ = { isa = PBXBuildFile; fileRef = A101 /* PersistenceController.swift */; };
    A3 /* Note+CoreDataClass.swift in Sources */ = { isa = PBXBuildFile; fileRef = A102 /* Note+CoreDataClass.swift */; };
    A4 /* ContentView.swift in Sources */ = { isa = PBXBuildFile; fileRef = A103 /* ContentView.swift */; };
    A5 /* NoteRowView.swift in Sources */ = { isa = PBXBuildFile; fileRef = A104 /* NoteRowView.swift */; };
    A6 /* NoteEditorView.swift in Sources */ = { isa = PBXBuildFile; fileRef = A105 /* NoteEditorView.swift */; };
    A7 /* AudioRecorder.swift in Sources */ = { isa = PBXBuildFile; fileRef = A106 /* AudioRecorder.swift */; };
    A8 /* SpeechRecognizer.swift in Sources */ = { isa = PBXBuildFile; fileRef = A107 /* SpeechRecognizer.swift */; };
    A9 /* SettingsView.swift in Sources */ = { isa = PBXBuildFile; fileRef = A108 /* SettingsView.swift */; };

/* End PBXBuildFile section */

/* Begin PBXFileReference section */
    A100 = { isa = PBXFileReference; lastKnownFileType = sourcecode.swift; name = TodayInspirationApp.swift; path = Sources/TodayInspirationApp.swift; sourceTree = "<group>"; };
    A101 = { isa = PBXFileReference; lastKnownFileType = sourcecode.swift; name = PersistenceController.swift; path = Sources/PersistenceController.swift; sourceTree = "<group>"; };
    A102 = { isa = PBXFileReference; lastKnownFileType = sourcecode.swift; name = Note+CoreDataClass.swift; path = Sources/Note+CoreDataClass.swift; sourceTree = "<group>"; };
    A103 = { isa = PBXFileReference; lastKnownFileType = sourcecode.swift; name = ContentView.swift; path = Sources/ContentView.swift; sourceTree = "<group>"; };
    A104 = { isa = PBXFileReference; lastKnownFileType = sourcecode.swift; name = NoteRowView.swift; path = Sources/NoteRowView.swift; sourceTree = "<group>"; };
    A105 = { isa = PBXFileReference; lastKnownFileType = sourcecode.swift; name = NoteEditorView.swift; path = Sources/NoteEditorView.swift; sourceTree = "<group>"; };
    A106 = { isa = PBXFileReference; lastKnownFileType = sourcecode.swift; name = AudioRecorder.swift; path = Sources/AudioRecorder.swift; sourceTree = "<group>"; };
    A107 = { isa = PBXFileReference; lastKnownFileType = sourcecode.swift; name = SpeechRecognizer.swift; path = Sources/SpeechRecognizer.swift; sourceTree = "<group>"; };
    A108 = { isa = PBXFileReference; lastKnownFileType = sourcecode.swift; name = SettingsView.swift; path = Sources/SettingsView.swift; sourceTree = "<group>"; };
    A110 = { isa = PBXFileReference; lastKnownFileType = text.plist.xml; name = Info.plist; path = Info.plist; sourceTree = "<group>"; };
    A111 = { isa = PBXFileReference; lastKnownFileType = folder.assetcatalog; name = Assets.xcassets; path = Assets.xcassets; sourceTree = "<group>"; };

/* End PBXFileReference section */

/* Begin PBXSourcesBuildPhase section */
    B1 = {
      isa = PBXSourcesBuildPhase;
      buildActionMask = 2147483647;
      files = (
        A1, A2, A3, A4, A5, A6, A7, A8, A9,
      );
      runOnlyForDeploymentPostprocessing = 0;
    };
/* End PBXSourcesBuildPhase section */

/* Begin PBXGroup section */
    G1 = {
      isa = PBXGroup;
      children = (
        A110,
        A100, A101, A102, A103, A104, A105, A106, A107, A108, A111,
      );
      sourceTree = "<group>";
    };
/* End PBXGroup section */

/* Begin PBXNativeTarget section */
    T1 = {
      isa = PBXNativeTarget;
      buildConfigurationList = C1;
      buildPhases = (
        B1,
      );
      name = TodayInspiration;
      productName = TodayInspiration;
      productType = "com.apple.product-type.application";
    };
/* End PBXNativeTarget section */

/* Begin PBXProject section */
    PROJ = {
      isa = PBXProject;
      attributes = {
        LastUpgradeCheck = 1310;
      };
      buildConfigurationList = C2;
      compatibilityVersion = "Xcode 13.0";
      developmentRegion = en;
      hasScannedForEncodings = 0;
      knownRegions = ( en, Base, );
      mainGroup = G1;
      productRefGroup = G2;
      projectDirPath = "";
      projectRoot = "";
    };
/* End PBXProject section */

/* Begin XCBuildConfiguration section */
    C1 = {
      isa = XCConfigurationList;
      buildConfigurations = ( C3, C4 );
      defaultConfigurationIsVisible = 0;
      defaultConfigurationName = Release;
    };
    C2 = {
      isa = XCConfigurationList;
      buildConfigurations = ( C5, C6 );
      defaultConfigurationIsVisible = 0;
      defaultConfigurationName = Release;
    };
    C3 = { isa = XCBuildConfiguration; buildSettings = { PRODUCT_NAME = "$(TARGET_NAME)"; SWIFT_VERSION = 5.0; IPHONEOS_DEPLOYMENT_TARGET = "15.0"; }; name = Debug; };
    C4 = { isa = XCBuildConfiguration; buildSettings = { PRODUCT_NAME = "$(TARGET_NAME)"; SWIFT_VERSION = 5.0; IPHONEOS_DEPLOYMENT_TARGET = "15.0"; ENABLE_NS_ASSERTIONS = NO; }; name = Release; };
    C5 = { isa = XCConfigurationList; buildConfigurations = ( C3, C4 ); defaultConfigurationName = Release; };
    C6 = { isa = XCConfigurationList; buildConfigurations = ( C3, C4 ); defaultConfigurationName = Release; };

/* End XCBuildConfiguration section */
  };
  rootObject = PROJ;
}