<?xml version="1.0" encoding="UTF-8"?>
// !$*UTF8*$!
{
  archiveVersion = 1;
  classes = {};
  objectVersion = 55;
  objects = {

/* Begin PBXBuildFile section */
    1D6058900D05DD3D006BFB54 /* TodayInspirationApp.swift in Sources */ = { isa = PBXBuildFile; fileRef = 1D60588F0D05DD3D006BFB54 /* TodayInspirationApp.swift */; };
    1D6058910D05DD3D006BFB54 /* PersistenceController.swift in Sources */ = { isa = PBXBuildFile; fileRef = 1D6058900D05DD3D006BFB54 /* PersistenceController.swift */; };
/* End PBXBuildFile section */

/* Begin PBXFileReference section */
    1D60588F0D05DD3D006BFB54 /* TodayInspirationApp.swift */ = { isa = PBXFileReference; lastKnownFileType = sourcecode.swift; name = TodayInspirationApp.swift; path = Sources/TodayInspirationApp.swift; sourceTree = "<group>"; };
    1D6058900D05DD3D006BFB54 /* PersistenceController.swift */ = { isa = PBXFileReference; lastKnownFileType = sourcecode.swift; name = PersistenceController.swift; path = Sources/PersistenceController.swift; sourceTree = "<group>"; };
    1D6058920D05DD3D006BFB54 /* Note+CoreDataClass.swift */ = { isa = PBXFileReference; lastKnownFileType = sourcecode.swift; name = Note+CoreDataClass.swift; path = Sources/Note+CoreDataClass.swift; sourceTree = "<group>"; };
    1D6058930D05DD3D006BFB54 /* ContentView.swift */ = { isa = PBXFileReference; lastKnownFileType = sourcecode.swift; name = ContentView.swift; path = Sources/ContentView.swift; sourceTree = "<group>"; };
    1D6058940D05DD3D006BFB54 /* NoteRowView.swift */ = { isa = PBXFileReference; lastKnownFileType = sourcecode.swift; name = NoteRowView.swift; path = Sources/NoteRowView.swift; sourceTree = "<group>"; };
    1D6058950D05DD3D006BFB54 /* NoteEditorView.swift */ = { isa = PBXFileReference; lastKnownFileType = sourcecode.swift; name = NoteEditorView.swift; path = Sources/NoteEditorView.swift; sourceTree = "<group>"; };
    1D6058960D05DD3D006BFB54 /* AudioRecorder.swift */ = { isa = PBXFileReference; lastKnownFileType = sourcecode.swift; name = AudioRecorder.swift; path = Sources/AudioRecorder.swift; sourceTree = "<group>"; };
    1D6058970D05DD3D006BFB54 /* SpeechRecognizer.swift */ = { isa = PBXFileReference; lastKnownFileType = sourcecode.swift; name = SpeechRecognizer.swift; path = Sources/SpeechRecognizer.swift; sourceTree = "<group>"; };
    1D6058980D05DD3D006BFB54 /* Info.plist */ = { isa = PBXFileReference; lastKnownFileType = text.plist.xml; name = Info.plist; path = Info.plist; sourceTree = "<group>"; };
/* End PBXFileReference section */

/* Begin PBXSourcesBuildPhase section */
    1D6058990D05DD3D006BFB54 /* Sources */ = {
      isa = PBXSourcesBuildPhase;
      buildActionMask = 2147483647;
      files = (
        1D6058900D05DD3D006BFB54 /* PersistenceController.swift in Sources */,
        1D6058920D05DD3D006BFB54 /* Note+CoreDataClass.swift in Sources */,
        1D6058930D05DD3D006BFB54 /* ContentView.swift in Sources */,
        1D6058940D05DD3D006BFB54 /* NoteRowView.swift in Sources */,
        1D6058950D05DD3D006BFB54 /* NoteEditorView.swift in Sources */,
        1D6058960D05DD3D006BFB54 /* AudioRecorder.swift in Sources */,
        1D6058970D05DD3D006BFB54 /* SpeechRecognizer.swift in Sources */,
        1D60588F0D05DD3D006BFB54 /* TodayInspirationApp.swift in Sources */,
      );
      runOnlyForDeploymentPostprocessing = 0;
    };
/* End PBXSourcesBuildPhase section */

/* Begin PBXGroup section */
    1D60589A0D05DD3D006BFB54 = {
      isa = PBXGroup;
      children = (
        1D6058980D05DD3D006BFB54 /* Info.plist */,
        1D60588F0D05DD3D006BFB54 /* TodayInspirationApp.swift */,
        1D6058900D05DD3D006BFB54 /* PersistenceController.swift */,
        1D6058920D05DD3D006BFB54 /* Note+CoreDataClass.swift */,
        1D6058930D05DD3D006BFB54 /* ContentView.swift */,
        1D6058940D05DD3D006BFB54 /* NoteRowView.swift */,
        1D6058950D05DD3D006BFB54 /* NoteEditorView.swift */,
        1D6058960D05DD3D006BFB54 /* AudioRecorder.swift */,
        1D6058970D05DD3D006BFB54 /* SpeechRecognizer.swift */,
      );
      sourceTree = "<group>";
    };
/* End PBXGroup section */

/* Begin PBXNativeTarget section */
    1D60589B0D05DD3D006BFB54 /* TodayInspiration */ = {
      isa = PBXNativeTarget;
      buildConfigurationList = 1D60589C0D05DD3D006BFB54 /* Build configuration list for PBXNativeTarget "TodayInspiration" */;
      buildPhases = (
        1D6058990D05DD3D006BFB54 /* Sources */,
      );
      buildRules = (
      );
      dependencies = (
      );
      name = TodayInspiration;
      productName = TodayInspiration;
      productType = "com.apple.product-type.application";
    };
/* End PBXNativeTarget section */

/* Begin PBXProject section */
    1D60589D0D05DD3D006BFB54 /* Project object */ = {
      isa = PBXProject;
      attributes = {
        LastUpgradeCheck = 1310;
      };
      buildConfigurationList = 1D60589E0D05DD3D006BFB54 /* Build configuration list for PBXProject "TodayInspiration" */;
      compatibilityVersion = "Xcode 13.0";
      developmentRegion = en;
      hasScannedForEncodings = 0;
      knownRegions = (
        en,
        Base,
      );
      mainGroup = 1D60589A0D05DD3D006BFB54;
      productRefGroup = 1D60589F0D05DD3D006BFB54;
      projectDirPath = "";
      projectRoot = "";
    };
/* End PBXProject section */

/* Begin XCBuildConfiguration section */
    1D60589C0D05DD3D006BFB54 /* Debug */ = {
      isa = XCBuildConfiguration;
      buildSettings = {
        PRODUCT_NAME = "$(TARGET_NAME)";
        SWIFT_VERSION = 5.0;
        IPHONEOS_DEPLOYMENT_TARGET = 14.0;
      };
      name = Debug;
    };
    1D6058A00D05DD3D006BFB54 /* Release */ = {
      isa = XCBuildConfiguration;
      buildSettings = {
        PRODUCT_NAME = "$(TARGET_NAME)";
        SWIFT_VERSION = 5.0;
        IPHONEOS_DEPLOYMENT_TARGET = 14.0;
        ENABLE_NS_ASSERTIONS = NO;
      };
      name = Release;
    };
    1D60589E0D05DD3D006BFB54 /* Build configuration list for PBXProject "TodayInspiration" */ = {
      isa = XCConfigurationList;
      buildConfigurations = (
        1D60589C0D05DD3D006BFB54 /* Debug */,
        1D6058A00D05DD3D006BFB54 /* Release */,
      );
      defaultConfigurationIsVisible = 0;
      defaultConfigurationName = Release;
    };
    1D6058A10D05DD3D006BFB54 /* Build configuration list for PBXNativeTarget "TodayInspiration" */ = {
      isa = XCConfigurationList;
      buildConfigurations = (
        1D60589C0D05DD3D006BFB54 /* Debug */,
        1D6058A00D05DD3D006BFB54 /* Release */,
      );
      defaultConfigurationIsVisible = 0;
      defaultConfigurationName = Release;
    };
/* End XCBuildConfiguration section */
  };
  rootObject = 1D60589D0D05DD3D006BFB54 /* Project object */;
}
